
Microsoft Visual Studio Solution File, Format Version 12.00
# Visual Studio Version 16
VisualStudioVersion = 16.0.31321.278
MinimumVisualStudioVersion = 10.0.40219.1
Project("{FAE04EC0-301F-11D3-BF4B-00C04F79EFBC}") = "CarRentingSystem", "CarRentingSystem\CarRentingSystem.csproj", "{ADCB87DD-4091-456F-B701-207619CD1489}"
EndProject
Global
	GlobalSection(SolutionConfigurationPlatforms) = preSolution
		Debug|Any CPU = Debug|Any CPU
		Release|Any CPU = Release|Any CPU
	EndGlobalSection
	GlobalSection(ProjectConfigurationPlatforms) = postSolution
		{ADCB87DD-4091-456F-B701-207619CD1489}.Debug|Any CPU.ActiveCfg = Debug|Any CPU
		{ADCB87DD-4091-456F-B701-207619CD1489}.Debug|Any CPU.Build.0 = Debug|Any CPU
		{ADCB87DD-4091-456F-B701-207619CD1489}.Release|Any CPU.ActiveCfg = Release|Any CPU
		{ADCB87DD-4091-456F-B701-207619CD1489}.Release|Any CPU.Build.0 = Release|Any CPU
	EndGlobalSection
	GlobalSection(SolutionProperties) = preSolution
		HideSolutionNode = FALSE
	EndGlobalSection
	GlobalSection(ExtensibilityGlobals) = postSolution
		SolutionGuid = {41EAFAD7-5BCE-4708-B7B7-97491772BEBF}
	EndGlobalSection
EndGlobal
